{
  "version": 4,
  "terraform_version": "1.9.2",
  "serial": 9,
  "lineage": "6406f494-964a-a0cd-c5dc-f689004d37ab",
  "outputs": {},
  "resources": [
    {
      "module": "module.cloudrun",
      "mode": "managed",
      "type": "google_cloud_run_service",
      "name": "cloudrun",
      "provider": "provider[\"registry.terraform.io/hashicorp/google\"]",
      "instances": [
        {
          "schema_version": 2,
          "attributes": {
            "autogenerate_revision_name": false,
            "id": "locations/us-central1/namespaces/devops-task-430009/services/cloudrun-srv",
            "location": "us-central1",
            "metadata": [
              {
                "annotations": {},
                "effective_annotations": {
                  "run.googleapis.com/ingress": "all",
                  "run.googleapis.com/ingress-status": "all",
                  "run.googleapis.com/operation-id": "c2553976-718e-4819-a1d1-86beb83b5514",
                  "serving.knative.dev/creator": "adminstrator@devops-task-430009.iam.gserviceaccount.com",
                  "serving.knative.dev/lastModifier": "adminstrator@devops-task-430009.iam.gserviceaccount.com"
                },
                "effective_labels": {
                  "cloud.googleapis.com/location": "us-central1"
                },
                "generation": 1,
                "labels": {},
                "namespace": "devops-task-430009",
                "resource_version": "AAYdvkDxYP4",
                "self_link": "/apis/serving.knative.dev/v1/namespaces/219297502644/services/cloudrun-srv",
                "terraform_labels": {},
                "uid": "43f291c4-e4ad-485c-8aeb-ea56fe6f3642"
              }
            ],
            "name": "cloudrun-srv",
            "project": "devops-task-430009",
            "status": [
              {
                "conditions": [
                  {
                    "message": "",
                    "reason": "",
                    "status": "True",
                    "type": "Ready"
                  },
                  {
                    "message": "",
                    "reason": "",
                    "status": "True",
                    "type": "ConfigurationsReady"
                  },
                  {
                    "message": "",
                    "reason": "",
                    "status": "True",
                    "type": "RoutesReady"
                  }
                ],
                "latest_created_revision_name": "cloudrun-srv-00001-7hb",
                "latest_ready_revision_name": "cloudrun-srv-00001-7hb",
                "observed_generation": 1,
                "traffic": [
                  {
                    "latest_revision": true,
                    "percent": 100,
                    "revision_name": "cloudrun-srv-00001-7hb",
                    "tag": "",
                    "url": ""
                  }
                ],
                "url": "https://cloudrun-srv-kscvlag7ta-uc.a.run.app"
              }
            ],
            "template": [
              {
                "metadata": [
                  {
                    "annotations": {
                      "autoscaling.knative.dev/maxScale": "100"
                    },
                    "generation": 0,
                    "labels": {
                      "run.googleapis.com/startupProbeType": "Default"
                    },
                    "name": "",
                    "namespace": "",
                    "resource_version": "",
                    "self_link": "",
                    "uid": ""
                  }
                ],
                "spec": [
                  {
                    "container_concurrency": 80,
                    "containers": [
                      {
                        "args": null,
                        "command": null,
                        "env": [],
                        "env_from": [],
                        "image": "us-docker.pkg.dev/cloudrun/container/hello",
                        "liveness_probe": [],
                        "name": "",
                        "ports": [
                          {
                            "container_port": 8080,
                            "name": "http1",
                            "protocol": ""
                          }
                        ],
                        "resources": [
                          {
                            "limits": {
                              "cpu": "1000m",
                              "memory": "512Mi"
                            },
                            "requests": {}
                          }
                        ],
                        "startup_probe": [
                          {
                            "failure_threshold": 1,
                            "grpc": [],
                            "http_get": [],
                            "initial_delay_seconds": 0,
                            "period_seconds": 240,
                            "tcp_socket": [
                              {
                                "port": 8080
                              }
                            ],
                            "timeout_seconds": 240
                          }
                        ],
                        "volume_mounts": [],
                        "working_dir": ""
                      }
                    ],
                    "service_account_name": "219297502644-compute@developer.gserviceaccount.com",
                    "serving_state": "",
                    "timeout_seconds": 300,
                    "volumes": []
                  }
                ]
              }
            ],
            "timeouts": null,
            "traffic": [
              {
                "latest_revision": true,
                "percent": 100,
                "revision_name": "",
                "tag": "",
                "url": ""
              }
            ]
          },
          "sensitive_attributes": [],
          "private": "eyJlMmJmYjczMC1lY2FhLTExZTYtOGY4OC0zNDM2M2JjN2M0YzAiOnsiY3JlYXRlIjoxMjAwMDAwMDAwMDAwLCJkZWxldGUiOjEyMDAwMDAwMDAwMDAsInVwZGF0ZSI6MTIwMDAwMDAwMDAwMH0sInNjaGVtYV92ZXJzaW9uIjoiMiJ9"
        }
      ]
    },
    {
      "module": "module.compute",
      "mode": "managed",
      "type": "google_project_service",
      "name": "compute_api",
      "provider": "provider[\"registry.terraform.io/hashicorp/google\"]",
      "instances": [
        {
          "schema_version": 0,
          "attributes": {
            "disable_dependent_services": null,
            "disable_on_destroy": false,
            "id": "devops-task-430009/iam.googleapis.com",
            "project": "devops-task-430009",
            "service": "iam.googleapis.com",
            "timeouts": {
              "create": "30m",
              "delete": null,
              "read": null,
              "update": "40m"
            }
          },
          "sensitive_attributes": [],
          "private": "eyJlMmJmYjczMC1lY2FhLTExZTYtOGY4OC0zNDM2M2JjN2M0YzAiOnsiY3JlYXRlIjoxODAwMDAwMDAwMDAwLCJkZWxldGUiOjEyMDAwMDAwMDAwMDAsInJlYWQiOjYwMDAwMDAwMDAwMCwidXBkYXRlIjoyNDAwMDAwMDAwMDAwfX0="
        }
      ]
    },
    {
      "module": "module.network",
      "mode": "managed",
      "type": "google_compute_network",
      "name": "vpc_network",
      "provider": "provider[\"registry.terraform.io/hashicorp/google\"]",
      "instances": [
        {
          "schema_version": 0,
          "attributes": {
            "auto_create_subnetworks": false,
            "delete_default_routes_on_create": false,
            "description": "",
            "enable_ula_internal_ipv6": false,
            "gateway_ipv4": "",
            "id": "projects/devops-task-430009/global/networks/vpc-network",
            "internal_ipv6_range": "",
            "mtu": 1460,
            "name": "vpc-network",
            "network_firewall_policy_enforcement_order": "AFTER_CLASSIC_FIREWALL",
            "numeric_id": "2276174232921665879",
            "project": "devops-task-430009",
            "routing_mode": "REGIONAL",
            "self_link": "https://www.googleapis.com/compute/v1/projects/devops-task-430009/global/networks/vpc-network",
            "timeouts": null
          },
          "sensitive_attributes": [],
          "private": "eyJlMmJmYjczMC1lY2FhLTExZTYtOGY4OC0zNDM2M2JjN2M0YzAiOnsiY3JlYXRlIjoxMjAwMDAwMDAwMDAwLCJkZWxldGUiOjEyMDAwMDAwMDAwMDAsInVwZGF0ZSI6MTIwMDAwMDAwMDAwMH19"
        }
      ]
    },
    {
      "module": "module.network",
      "mode": "managed",
      "type": "google_compute_subnetwork",
      "name": "network-with-private-secondary-ip-ranges",
      "provider": "provider[\"registry.terraform.io/hashicorp/google\"]",
      "instances": [
        {
          "schema_version": 0,
          "attributes": {
            "creation_timestamp": "2024-07-21T02:07:18.338-07:00",
            "description": "",
            "external_ipv6_prefix": "",
            "fingerprint": null,
            "gateway_address": "10.2.0.1",
            "id": "projects/devops-task-430009/regions/us-central1/subnetworks/test-subnetwork",
            "internal_ipv6_prefix": "",
            "ip_cidr_range": "10.2.0.0/16",
            "ipv6_access_type": "",
            "ipv6_cidr_range": "",
            "log_config": [],
            "name": "test-subnetwork",
            "network": "https://www.googleapis.com/compute/v1/projects/devops-task-430009/global/networks/vpc-network",
            "private_ip_google_access": false,
            "private_ipv6_google_access": "DISABLE_GOOGLE_ACCESS",
            "project": "devops-task-430009",
            "purpose": "PRIVATE",
            "region": "us-central1",
            "role": "",
            "secondary_ip_range": [
              {
                "ip_cidr_range": "192.168.10.0/24",
                "range_name": "tf-test-secondary-range-update1"
              }
            ],
            "self_link": "https://www.googleapis.com/compute/v1/projects/devops-task-430009/regions/us-central1/subnetworks/test-subnetwork",
            "stack_type": "IPV4_ONLY",
            "timeouts": null
          },
          "sensitive_attributes": [],
          "private": "eyJlMmJmYjczMC1lY2FhLTExZTYtOGY4OC0zNDM2M2JjN2M0YzAiOnsiY3JlYXRlIjoxMjAwMDAwMDAwMDAwLCJkZWxldGUiOjEyMDAwMDAwMDAwMDAsInVwZGF0ZSI6MTIwMDAwMDAwMDAwMH19",
          "dependencies": [
            "module.network.google_compute_network.vpc_network"
          ]
        }
      ]
    }
  ],
  "check_results": null
}
